{
  "name": "node-list",
  "version": "1.0.0",
  "lockfileVersion": 1,
  "requires": true,
  "dependencies": {
    "cross-fetch": {
      "version": "3.0.6",
      "resolved": "https://registry.npmjs.org/cross-fetch/-/cross-fetch-3.0.6.tgz",
      "integrity": "sha512-KBPUbqgFjzWlVcURG+Svp9TlhA5uliYtiNx/0r8nv0pdypeQCRJ9IaSIc3q/x3q8t3F75cHuwxVql1HFGHCNJQ==",
      "requires": {
        "node-fetch": "2.6.1"
      }
    },
    "jikan-node": {
      "version": "1.2.1",
      "resolved": "https://registry.npmjs.org/jikan-node/-/jikan-node-1.2.1.tgz",
      "integrity": "sha512-qbP7T+s5RimCuVWUzJicSta4KHc2hWmBeyoHoULdTjJkbIRsnSbC25iIWPh8AF1SKXftSo9AnrSlpJg4bBoXTw==",
      "requires": {
        "cross-fetch": "^3.0.2"
      }
    },
    "node-fetch": {
      "version": "2.6.1",
      "resolved": "https://registry.npmjs.org/node-fetch/-/node-fetch-2.6.1.tgz",
      "integrity": "sha512-V4aYg89jEoVRxRb2fJdAg8FHvI7cEyYdVAh94HH0UIK8oJxUfkjlDQN9RbMx+bEjP7+ggMiFRprSti032Oipxw=="
    }
  }
}
